
Microsoft Visual Studio Solution File, Format Version 12.00
# Visual Studio Version 17
VisualStudioVersion = 17.7.34221.43
MinimumVisualStudioVersion = 10.0.40219.1
Project("{FAE04EC0-301F-11D3-BF4B-00C04F79EFBC}") = "DiscordBotJDT", "DiscordBotJDT.csproj", "{CBB0C54A-6785-48CC-9996-7B5DC4A0C74F}"
EndProject
Global
	GlobalSection(SolutionConfigurationPlatforms) = preSolution
		Debug|Any CPU = Debug|Any CPU
		Release|Any CPU = Release|Any CPU
	EndGlobalSection
	GlobalSection(ProjectConfigurationPlatforms) = postSolution
		{CBB0C54A-6785-48CC-9996-7B5DC4A0C74F}.Debug|Any CPU.ActiveCfg = Debug|Any CPU
		{CBB0C54A-6785-48CC-9996-7B5DC4A0C74F}.Debug|Any CPU.Build.0 = Debug|Any CPU
		{CBB0C54A-6785-48CC-9996-7B5DC4A0C74F}.Release|Any CPU.ActiveCfg = Release|Any CPU
		{CBB0C54A-6785-48CC-9996-7B5DC4A0C74F}.Release|Any CPU.Build.0 = Release|Any CPU
	EndGlobalSection
	GlobalSection(SolutionProperties) = preSolution
		HideSolutionNode = FALSE
	EndGlobalSection
	GlobalSection(ExtensibilityGlobals) = postSolution
		SolutionGuid = {2C95A801-869D-48DC-8748-98B5D5F00994}
	EndGlobalSection
EndGlobal
